
Microsoft Visual Studio Solution File, Format Version 11.00
# Visual Studio 2010
# SharpDevelop 4.2.2.8818
Project("{FAE04EC0-301F-11D3-BF4B-00C04F79EFBC}") = "Calc", "Calc\Calc.csproj", "{F50ECA8B-23DE-45F9-85B4-E38BF9D6A92E}"
EndProject
Project("{FAE04EC0-301F-11D3-BF4B-00C04F79EFBC}") = "calcLib", "calcLib\calcLib.csproj", "{36CDE525-24CB-4960-82DB-3AE2BBDBD4F1}"
EndProject
Global
	GlobalSection(SolutionConfigurationPlatforms) = preSolution
		Debug|x86 = Debug|x86
		Release|x86 = Release|x86
		Debug|Any CPU = Debug|Any CPU
		Release|Any CPU = Release|Any CPU
	EndGlobalSection
	GlobalSection(ProjectConfigurationPlatforms) = postSolution
		{F50ECA8B-23DE-45F9-85B4-E38BF9D6A92E}.Debug|x86.Build.0 = Debug|x86
		{F50ECA8B-23DE-45F9-85B4-E38BF9D6A92E}.Debug|x86.ActiveCfg = Debug|x86
		{F50ECA8B-23DE-45F9-85B4-E38BF9D6A92E}.Release|x86.Build.0 = Release|x86
		{F50ECA8B-23DE-45F9-85B4-E38BF9D6A92E}.Release|x86.ActiveCfg = Release|x86
		{36CDE525-24CB-4960-82DB-3AE2BBDBD4F1}.Debug|x86.Build.0 = Debug|x86
		{36CDE525-24CB-4960-82DB-3AE2BBDBD4F1}.Debug|x86.ActiveCfg = Debug|x86
		{36CDE525-24CB-4960-82DB-3AE2BBDBD4F1}.Release|x86.Build.0 = Release|x86
		{36CDE525-24CB-4960-82DB-3AE2BBDBD4F1}.Release|x86.ActiveCfg = Release|x86
		{36CDE525-24CB-4960-82DB-3AE2BBDBD4F1}.Debug|Any CPU.Build.0 = Debug|x86
		{36CDE525-24CB-4960-82DB-3AE2BBDBD4F1}.Debug|Any CPU.ActiveCfg = Debug|Any CPU
		{F50ECA8B-23DE-45F9-85B4-E38BF9D6A92E}.Debug|Any CPU.Build.0 = Debug|x86
		{F50ECA8B-23DE-45F9-85B4-E38BF9D6A92E}.Debug|Any CPU.ActiveCfg = Debug|Any CPU
		{36CDE525-24CB-4960-82DB-3AE2BBDBD4F1}.Release|Any CPU.Build.0 = Release|x86
		{36CDE525-24CB-4960-82DB-3AE2BBDBD4F1}.Release|Any CPU.ActiveCfg = Release|Any CPU
		{F50ECA8B-23DE-45F9-85B4-E38BF9D6A92E}.Release|Any CPU.Build.0 = Release|x86
		{F50ECA8B-23DE-45F9-85B4-E38BF9D6A92E}.Release|Any CPU.ActiveCfg = Release|Any CPU
	EndGlobalSection
EndGlobal
